
Microsoft Visual Studio Solution File, Format Version 12.00
# Visual Studio 14
VisualStudioVersion = 14.0.23107.0
MinimumVisualStudioVersion = 10.0.40219.1
Project("{FAE04EC0-301F-11D3-BF4B-00C04F79EFBC}") = "FoodWastePreventionSystem", "FoodWastePreventionSystem\FoodWastePreventionSystem.csproj", "{9366F8E1-5E06-4FD8-9D5E-D96005027078}"
EndProject
Project("{FAE04EC0-301F-11D3-BF4B-00C04F79EFBC}") = "FoodWastePreventionSystem.Tests", "FoodWastePreventionSystem.Tests\FoodWastePreventionSystem.Tests.csproj", "{EDCB52A9-F950-4A13-850F-4C8C063D1DF2}"
EndProject
Global
	GlobalSection(SolutionConfigurationPlatforms) = preSolution
		Debug|Any CPU = Debug|Any CPU
		Release|Any CPU = Release|Any CPU
	EndGlobalSection
	GlobalSection(ProjectConfigurationPlatforms) = postSolution
		{9366F8E1-5E06-4FD8-9D5E-D96005027078}.Debug|Any CPU.ActiveCfg = Debug|Any CPU
		{9366F8E1-5E06-4FD8-9D5E-D96005027078}.Debug|Any CPU.Build.0 = Debug|Any CPU
		{9366F8E1-5E06-4FD8-9D5E-D96005027078}.Release|Any CPU.ActiveCfg = Release|Any CPU
		{9366F8E1-5E06-4FD8-9D5E-D96005027078}.Release|Any CPU.Build.0 = Release|Any CPU
		{EDCB52A9-F950-4A13-850F-4C8C063D1DF2}.Debug|Any CPU.ActiveCfg = Debug|Any CPU
		{EDCB52A9-F950-4A13-850F-4C8C063D1DF2}.Debug|Any CPU.Build.0 = Debug|Any CPU
		{EDCB52A9-F950-4A13-850F-4C8C063D1DF2}.Release|Any CPU.ActiveCfg = Release|Any CPU
		{EDCB52A9-F950-4A13-850F-4C8C063D1DF2}.Release|Any CPU.Build.0 = Release|Any CPU
	EndGlobalSection
	GlobalSection(SolutionProperties) = preSolution
		HideSolutionNode = FALSE
	EndGlobalSection
EndGlobal
